
Microsoft Visual Studio Solution File, Format Version 12.00
# Visual Studio Version 17
VisualStudioVersion = 17.13.35931.197 d17.13
MinimumVisualStudioVersion = 10.0.40219.1
Project("{FAE04EC0-301F-11D3-BF4B-00C04F79EFBC}") = "accountingwebapi", "accountingwebapi.csproj", "{590D9B86-61F5-4ABE-9EB2-B0FD6791F5A7}"
EndProject
Project("{FAE04EC0-301F-11D3-BF4B-00C04F79EFBC}") = "accountingwebapi.Tests", "..\accountingwebapi.Tests\accountingwebapi.Tests.csproj", "{BCE15F88-68EE-42E5-976E-3A235BB23B01}"
EndProject
Global
	GlobalSection(SolutionConfigurationPlatforms) = preSolution
		Debug|Any CPU = Debug|Any CPU
		Release|Any CPU = Release|Any CPU
	EndGlobalSection
	GlobalSection(ProjectConfigurationPlatforms) = postSolution
		{590D9B86-61F5-4ABE-9EB2-B0FD6791F5A7}.Debug|Any CPU.ActiveCfg = Debug|Any CPU
		{590D9B86-61F5-4ABE-9EB2-B0FD6791F5A7}.Debug|Any CPU.Build.0 = Debug|Any CPU
		{590D9B86-61F5-4ABE-9EB2-B0FD6791F5A7}.Release|Any CPU.ActiveCfg = Release|Any CPU
		{590D9B86-61F5-4ABE-9EB2-B0FD6791F5A7}.Release|Any CPU.Build.0 = Release|Any CPU
		{BCE15F88-68EE-42E5-976E-3A235BB23B01}.Debug|Any CPU.ActiveCfg = Debug|Any CPU
		{BCE15F88-68EE-42E5-976E-3A235BB23B01}.Debug|Any CPU.Build.0 = Debug|Any CPU
		{BCE15F88-68EE-42E5-976E-3A235BB23B01}.Release|Any CPU.ActiveCfg = Release|Any CPU
		{BCE15F88-68EE-42E5-976E-3A235BB23B01}.Release|Any CPU.Build.0 = Release|Any CPU
	EndGlobalSection
	GlobalSection(SolutionProperties) = preSolution
		HideSolutionNode = FALSE
	EndGlobalSection
	GlobalSection(ExtensibilityGlobals) = postSolution
		SolutionGuid = {CB0F8982-72A3-4AFE-AF37-0ACC4913C9CA}
	EndGlobalSection
EndGlobal
